{
  "name": "@toisu/toisu",
  "version": "4.0.5",
  "lockfileVersion": 2,
  "requires": true,
  "packages": {
    "": {
      "name": "@toisu/toisu",
      "version": "4.0.5",
      "license": "MIT",
      "dependencies": {
        "@toisu/middleware-runner": "^3.0.5"
      },
      "engines": {
        "node": ">=14"
      }
    },
    "node_modules/@toisu/middleware-runner": {
      "version": "3.0.5",
      "resolved": "https://registry.npmjs.org/@toisu/middleware-runner/-/middleware-runner-3.0.5.tgz",
      "integrity": "sha512-w/8zh/UdNpwdwCLZvT6b0SHnYRUwGtNDThkL3JS/gN26NCUcKPVzsRIh+sshR69Vhip4BZi4pRcaFE1k1BgIaA==",
      "engines": {
        "node": ">=14"
      }
    }
  },
  "dependencies": {
    "@toisu/middleware-runner": {
      "version": "3.0.5",
      "resolved": "https://registry.npmjs.org/@toisu/middleware-runner/-/middleware-runner-3.0.5.tgz",
      "integrity": "sha512-w/8zh/UdNpwdwCLZvT6b0SHnYRUwGtNDThkL3JS/gN26NCUcKPVzsRIh+sshR69Vhip4BZi4pRcaFE1k1BgIaA=="
    }
  }
}
