{
  "name": "@toisu/middleware-runner",
  "version": "3.0.6",
  "lockfileVersion": 2,
  "requires": true,
  "packages": {
    "": {
      "name": "@toisu/middleware-runner",
      "version": "3.0.6",
      "license": "MIT",
      "devDependencies": {
        "es2015-deferred": "^4.0.2"
      },
      "engines": {
        "node": ">=14"
      }
    },
    "node_modules/es2015-deferred": {
      "version": "4.0.2",
      "resolved": "https://registry.npmjs.org/es2015-deferred/-/es2015-deferred-4.0.2.tgz",
      "integrity": "sha512-ryTcbP4E7b7Ad+5WZUIwQQsDk86CZ6G8KhoGJnBXXM4iuNZVUrKYO461JwARPHZxcZNEJSNtgUsTq3qbarjYaQ==",
      "dev": true
    }
  },
  "dependencies": {
    "es2015-deferred": {
      "version": "4.0.2",
      "resolved": "https://registry.npmjs.org/es2015-deferred/-/es2015-deferred-4.0.2.tgz",
      "integrity": "sha512-ryTcbP4E7b7Ad+5WZUIwQQsDk86CZ6G8KhoGJnBXXM4iuNZVUrKYO461JwARPHZxcZNEJSNtgUsTq3qbarjYaQ==",
      "dev": true
    }
  }
}
