{
  "name": "@toisu/timings",
  "version": "1.0.0",
  "lockfileVersion": 2,
  "requires": true,
  "packages": {
    "": {
      "name": "@toisu/timings",
      "version": "1.0.0",
      "license": "MIT",
      "dependencies": {
        "on-headers": "^1.0.2"
      },
      "devDependencies": {
        "@toisu/toisu": "^4.0.4"
      },
      "engines": {
        "node": ">=14"
      }
    },
    "node_modules/@toisu/middleware-runner": {
      "version": "3.0.5",
      "resolved": "https://registry.npmjs.org/@toisu/middleware-runner/-/middleware-runner-3.0.5.tgz",
      "integrity": "sha512-w/8zh/UdNpwdwCLZvT6b0SHnYRUwGtNDThkL3JS/gN26NCUcKPVzsRIh+sshR69Vhip4BZi4pRcaFE1k1BgIaA==",
      "dev": true,
      "engines": {
        "node": ">=14"
      }
    },
    "node_modules/@toisu/toisu": {
      "version": "4.0.4",
      "resolved": "https://registry.npmjs.org/@toisu/toisu/-/toisu-4.0.4.tgz",
      "integrity": "sha512-jgVEB/Rg5KtWUMUTfjKlzWjArrXv+ZPGTRDFF90Jeh5AZJMU2JQN73+tvfpNO/75G+n6u/oOmjfGZ5ezgk89lw==",
      "dev": true,
      "dependencies": {
        "@toisu/middleware-runner": "^3.0.5"
      },
      "engines": {
        "node": ">=14"
      }
    },
    "node_modules/on-headers": {
      "version": "1.0.2",
      "resolved": "https://registry.npmjs.org/on-headers/-/on-headers-1.0.2.tgz",
      "integrity": "sha512-pZAE+FJLoyITytdqK0U5s+FIpjN0JP3OzFi/u8Rx+EV5/W+JTWGXG8xFzevE7AjBfDqHv/8vL8qQsIhHnqRkrA==",
      "engines": {
        "node": ">= 0.8"
      }
    }
  },
  "dependencies": {
    "@toisu/middleware-runner": {
      "version": "3.0.5",
      "resolved": "https://registry.npmjs.org/@toisu/middleware-runner/-/middleware-runner-3.0.5.tgz",
      "integrity": "sha512-w/8zh/UdNpwdwCLZvT6b0SHnYRUwGtNDThkL3JS/gN26NCUcKPVzsRIh+sshR69Vhip4BZi4pRcaFE1k1BgIaA==",
      "dev": true
    },
    "@toisu/toisu": {
      "version": "4.0.4",
      "resolved": "https://registry.npmjs.org/@toisu/toisu/-/toisu-4.0.4.tgz",
      "integrity": "sha512-jgVEB/Rg5KtWUMUTfjKlzWjArrXv+ZPGTRDFF90Jeh5AZJMU2JQN73+tvfpNO/75G+n6u/oOmjfGZ5ezgk89lw==",
      "dev": true,
      "requires": {
        "@toisu/middleware-runner": "^3.0.5"
      }
    },
    "on-headers": {
      "version": "1.0.2",
      "resolved": "https://registry.npmjs.org/on-headers/-/on-headers-1.0.2.tgz",
      "integrity": "sha512-pZAE+FJLoyITytdqK0U5s+FIpjN0JP3OzFi/u8Rx+EV5/W+JTWGXG8xFzevE7AjBfDqHv/8vL8qQsIhHnqRkrA=="
    }
  }
}
